// !$*UTF8*$!
{
	archiveVersion = 1;
	classes = {
	};
	objectVersion = 56;
	objects = {

/* Begin PBXBuildFile section */
		F51DC7282A09205D0093ECBD /* AppDelegate.swift in Sources */ = {isa = PBXBuildFile; fileRef = F51DC7272A09205D0093ECBD /* AppDelegate.swift */; };
		F51DC72C2A09205D0093ECBD /* LoginViewController.swift in Sources */ = {isa = PBXBuildFile; fileRef = F51DC72B2A09205D0093ECBD /* LoginViewController.swift */; };
		F51DC7312A09205E0093ECBD /* Assets.xcassets in Resources */ = {isa = PBXBuildFile; fileRef = F51DC7302A09205E0093ECBD /* Assets.xcassets */; };
		F51DC7342A09205E0093ECBD /* LaunchScreen.storyboard in Resources */ = {isa = PBXBuildFile; fileRef = F51DC7322A09205E0093ECBD /* LaunchScreen.storyboard */; };
		F54F930A2A1784BA00F575FA /* LoginView.swift in Sources */ = {isa = PBXBuildFile; fileRef = F54F93092A1784BA00F575FA /* LoginView.swift */; };
		F5DCF1A72A66E7CE00F1ABE7 /* CurrencyFormatterTest.swift in Sources */ = {isa = PBXBuildFile; fileRef = F5DCF1A62A66E7CE00F1ABE7 /* CurrencyFormatterTest.swift */; };
		F5E240E62A4F11200011134C /* OnboardingContainerViewController.swift in Sources */ = {isa = PBXBuildFile; fileRef = F5E240E52A4F11200011134C /* OnboardingContainerViewController.swift */; };
		F5E240E82A4F1B170011134C /* OnBoardingViewController.swift in Sources */ = {isa = PBXBuildFile; fileRef = F5E240E72A4F1B170011134C /* OnBoardingViewController.swift */; };
		F5E240EA2A52021B0011134C /* DummyVC.swift in Sources */ = {isa = PBXBuildFile; fileRef = F5E240E92A52021B0011134C /* DummyVC.swift */; };
		F5E240ED2A5207A40011134C /* LocalState.swift in Sources */ = {isa = PBXBuildFile; fileRef = F5E240EC2A5207A40011134C /* LocalState.swift */; };
		F5E240EF2A536D050011134C /* UIViewController+Utils.swift in Sources */ = {isa = PBXBuildFile; fileRef = F5E240EE2A536D050011134C /* UIViewController+Utils.swift */; };
		F5E240F12A536FB40011134C /* MainViewController.swift in Sources */ = {isa = PBXBuildFile; fileRef = F5E240F02A536FB40011134C /* MainViewController.swift */; };
		F5E240FC2A5573050011134C /* AccountSummaryViewController.swift in Sources */ = {isa = PBXBuildFile; fileRef = F5E240FB2A5573050011134C /* AccountSummaryViewController.swift */; };
		F5E240FE2A5575AC0011134C /* AccountSummaryHeaderView.swift in Sources */ = {isa = PBXBuildFile; fileRef = F5E240FD2A5575AC0011134C /* AccountSummaryHeaderView.swift */; };
		F5E241002A5575F10011134C /* AccountSummaryHeaderView.xib in Resources */ = {isa = PBXBuildFile; fileRef = F5E240FF2A5575F10011134C /* AccountSummaryHeaderView.xib */; };
		F5E241042A5598FD0011134C /* AccountSummaryCell.swift in Sources */ = {isa = PBXBuildFile; fileRef = F5E241032A5598FD0011134C /* AccountSummaryCell.swift */; };
		F5E241062A5EFE500011134C /* DecimalUtils.swift in Sources */ = {isa = PBXBuildFile; fileRef = F5E241052A5EFE500011134C /* DecimalUtils.swift */; };
		F5E241082A5EFE810011134C /* CurrencyFormatter.swift in Sources */ = {isa = PBXBuildFile; fileRef = F5E241072A5EFE810011134C /* CurrencyFormatter.swift */; };
/* End PBXBuildFile section */

/* Begin PBXContainerItemProxy section */
		F5DCF1A12A66E73400F1ABE7 /* PBXContainerItemProxy */ = {
			isa = PBXContainerItemProxy;
			containerPortal = F51DC71C2A09205C0093ECBD /* Project object */;
			proxyType = 1;
			remoteGlobalIDString = F51DC7232A09205D0093ECBD;
			remoteInfo = Bankey;
		};
/* End PBXContainerItemProxy section */

/* Begin PBXFileReference section */
		F51DC7242A09205D0093ECBD /* Bankey.app */ = {isa = PBXFileReference; explicitFileType = wrapper.application; includeInIndex = 0; path = Bankey.app; sourceTree = BUILT_PRODUCTS_DIR; };
		F51DC7272A09205D0093ECBD /* AppDelegate.swift */ = {isa = PBXFileReference; lastKnownFileType = sourcecode.swift; path = AppDelegate.swift; sourceTree = "<group>"; };
		F51DC72B2A09205D0093ECBD /* LoginViewController.swift */ = {isa = PBXFileReference; lastKnownFileType = sourcecode.swift; path = LoginViewController.swift; sourceTree = "<group>"; };
		F51DC7302A09205E0093ECBD /* Assets.xcassets */ = {isa = PBXFileReference; lastKnownFileType = folder.assetcatalog; path = Assets.xcassets; sourceTree = "<group>"; };
		F51DC7332A09205E0093ECBD /* Base */ = {isa = PBXFileReference; lastKnownFileType = file.storyboard; name = Base; path = Base.lproj/LaunchScreen.storyboard; sourceTree = "<group>"; };
		F51DC7352A09205E0093ECBD /* Info.plist */ = {isa = PBXFileReference; lastKnownFileType = text.plist.xml; path = Info.plist; sourceTree = "<group>"; };
		F54F93092A1784BA00F575FA /* LoginView.swift */ = {isa = PBXFileReference; lastKnownFileType = sourcecode.swift; path = LoginView.swift; sourceTree = "<group>"; };
		F5DCF19D2A66E73400F1ABE7 /* BankeyUnitTests.xctest */ = {isa = PBXFileReference; explicitFileType = wrapper.cfbundle; includeInIndex = 0; path = BankeyUnitTests.xctest; sourceTree = BUILT_PRODUCTS_DIR; };
		F5DCF1A62A66E7CE00F1ABE7 /* CurrencyFormatterTest.swift */ = {isa = PBXFileReference; lastKnownFileType = sourcecode.swift; path = CurrencyFormatterTest.swift; sourceTree = "<group>"; };
		F5E240E52A4F11200011134C /* OnboardingContainerViewController.swift */ = {isa = PBXFileReference; lastKnownFileType = sourcecode.swift; path = OnboardingContainerViewController.swift; sourceTree = "<group>"; };
		F5E240E72A4F1B170011134C /* OnBoardingViewController.swift */ = {isa = PBXFileReference; lastKnownFileType = sourcecode.swift; path = OnBoardingViewController.swift; sourceTree = "<group>"; };
		F5E240E92A52021B0011134C /* DummyVC.swift */ = {isa = PBXFileReference; lastKnownFileType = sourcecode.swift; path = DummyVC.swift; sourceTree = "<group>"; };
		F5E240EC2A5207A40011134C /* LocalState.swift */ = {isa = PBXFileReference; lastKnownFileType = sourcecode.swift; path = LocalState.swift; sourceTree = "<group>"; };
		F5E240EE2A536D050011134C /* UIViewController+Utils.swift */ = {isa = PBXFileReference; lastKnownFileType = sourcecode.swift; path = "UIViewController+Utils.swift"; sourceTree = "<group>"; };
		F5E240F02A536FB40011134C /* MainViewController.swift */ = {isa = PBXFileReference; lastKnownFileType = sourcecode.swift; path = MainViewController.swift; sourceTree = "<group>"; };
		F5E240FB2A5573050011134C /* AccountSummaryViewController.swift */ = {isa = PBXFileReference; lastKnownFileType = sourcecode.swift; path = AccountSummaryViewController.swift; sourceTree = "<group>"; };
		F5E240FD2A5575AC0011134C /* AccountSummaryHeaderView.swift */ = {isa = PBXFileReference; lastKnownFileType = sourcecode.swift; path = AccountSummaryHeaderView.swift; sourceTree = "<group>"; };
		F5E240FF2A5575F10011134C /* AccountSummaryHeaderView.xib */ = {isa = PBXFileReference; lastKnownFileType = file.xib; path = AccountSummaryHeaderView.xib; sourceTree = "<group>"; };
		F5E241032A5598FD0011134C /* AccountSummaryCell.swift */ = {isa = PBXFileReference; lastKnownFileType = sourcecode.swift; path = AccountSummaryCell.swift; sourceTree = "<group>"; };
		F5E241052A5EFE500011134C /* DecimalUtils.swift */ = {isa = PBXFileReference; lastKnownFileType = sourcecode.swift; path = DecimalUtils.swift; sourceTree = "<group>"; };
		F5E241072A5EFE810011134C /* CurrencyFormatter.swift */ = {isa = PBXFileReference; lastKnownFileType = sourcecode.swift; path = CurrencyFormatter.swift; sourceTree = "<group>"; };
/* End PBXFileReference section */

/* Begin PBXFrameworksBuildPhase section */
		F51DC7212A09205D0093ECBD /* Frameworks */ = {
			isa = PBXFrameworksBuildPhase;
			buildActionMask = 2147483647;
			files = (
			);
			runOnlyForDeploymentPostprocessing = 0;
		};
		F5DCF19A2A66E73400F1ABE7 /* Frameworks */ = {
			isa = PBXFrameworksBuildPhase;
			buildActionMask = 2147483647;
			files = (
			);
			runOnlyForDeploymentPostprocessing = 0;
		};
/* End PBXFrameworksBuildPhase section */

/* Begin PBXGroup section */
		F51DC71B2A09205C0093ECBD = {
			isa = PBXGroup;
			children = (
				F51DC7262A09205D0093ECBD /* Bankey */,
				F5DCF19E2A66E73400F1ABE7 /* BankeyUnitTests */,
				F51DC7252A09205D0093ECBD /* Products */,
			);
			sourceTree = "<group>";
		};
		F51DC7252A09205D0093ECBD /* Products */ = {
			isa = PBXGroup;
			children = (
				F51DC7242A09205D0093ECBD /* Bankey.app */,
				F5DCF19D2A66E73400F1ABE7 /* BankeyUnitTests.xctest */,
			);
			name = Products;
			sourceTree = "<group>";
		};
		F51DC7262A09205D0093ECBD /* Bankey */ = {
			isa = PBXGroup;
			children = (
				F51DC7272A09205D0093ECBD /* AppDelegate.swift */,
				F5E240F02A536FB40011134C /* MainViewController.swift */,
				F54F93082A17849A00F575FA /* Login */,
				F5E240E42A4F0F920011134C /* Onboarding */,
				F5E240FA2A5572EA0011134C /* AccountSummary */,
				F5E240EB2A52077F0011134C /* Util */,
				F54F93072A1783FC00F575FA /* Files */,
			);
			path = Bankey;
			sourceTree = "<group>";
		};
		F54F93072A1783FC00F575FA /* Files */ = {
			isa = PBXGroup;
			children = (
				F51DC7302A09205E0093ECBD /* Assets.xcassets */,
				F51DC7322A09205E0093ECBD /* LaunchScreen.storyboard */,
				F51DC7352A09205E0093ECBD /* Info.plist */,
			);
			name = Files;
			sourceTree = "<group>";
		};
		F54F93082A17849A00F575FA /* Login */ = {
			isa = PBXGroup;
			children = (
				F51DC72B2A09205D0093ECBD /* LoginViewController.swift */,
				F54F93092A1784BA00F575FA /* LoginView.swift */,
				F5E240E92A52021B0011134C /* DummyVC.swift */,
			);
			path = Login;
			sourceTree = "<group>";
		};
		F5DCF19E2A66E73400F1ABE7 /* BankeyUnitTests */ = {
			isa = PBXGroup;
			children = (
				F5DCF1A62A66E7CE00F1ABE7 /* CurrencyFormatterTest.swift */,
			);
			path = BankeyUnitTests;
			sourceTree = "<group>";
		};
		F5E240E42A4F0F920011134C /* Onboarding */ = {
			isa = PBXGroup;
			children = (
				F5E240E52A4F11200011134C /* OnboardingContainerViewController.swift */,
				F5E240E72A4F1B170011134C /* OnBoardingViewController.swift */,
			);
			path = Onboarding;
			sourceTree = "<group>";
		};
		F5E240EB2A52077F0011134C /* Util */ = {
			isa = PBXGroup;
			children = (
				F5E240EC2A5207A40011134C /* LocalState.swift */,
				F5E240EE2A536D050011134C /* UIViewController+Utils.swift */,
				F5E241052A5EFE500011134C /* DecimalUtils.swift */,
				F5E241072A5EFE810011134C /* CurrencyFormatter.swift */,
			);
			path = Util;
			sourceTree = "<group>";
		};
		F5E240FA2A5572EA0011134C /* AccountSummary */ = {
			isa = PBXGroup;
			children = (
				F5E240FB2A5573050011134C /* AccountSummaryViewController.swift */,
				F5E241022A5598E00011134C /* Cells */,
				F5E241012A5598C90011134C /* Header */,
			);
			path = AccountSummary;
			sourceTree = "<group>";
		};
		F5E241012A5598C90011134C /* Header */ = {
			isa = PBXGroup;
			children = (
				F5E240FD2A5575AC0011134C /* AccountSummaryHeaderView.swift */,
				F5E240FF2A5575F10011134C /* AccountSummaryHeaderView.xib */,
			);
			path = Header;
			sourceTree = "<group>";
		};
		F5E241022A5598E00011134C /* Cells */ = {
			isa = PBXGroup;
			children = (
				F5E241032A5598FD0011134C /* AccountSummaryCell.swift */,
			);
			path = Cells;
			sourceTree = "<group>";
		};
/* End PBXGroup section */

/* Begin PBXNativeTarget section */
		F51DC7232A09205D0093ECBD /* Bankey */ = {
			isa = PBXNativeTarget;
			buildConfigurationList = F51DC7382A09205E0093ECBD /* Build configuration list for PBXNativeTarget "Bankey" */;
			buildPhases = (
				F51DC7202A09205D0093ECBD /* Sources */,
				F51DC7212A09205D0093ECBD /* Frameworks */,
				F51DC7222A09205D0093ECBD /* Resources */,
			);
			buildRules = (
			);
			dependencies = (
			);
			name = Bankey;
			productName = Bankey;
			productReference = F51DC7242A09205D0093ECBD /* Bankey.app */;
			productType = "com.apple.product-type.application";
		};
		F5DCF19C2A66E73400F1ABE7 /* BankeyUnitTests */ = {
			isa = PBXNativeTarget;
			buildConfigurationList = F5DCF1A52A66E73400F1ABE7 /* Build configuration list for PBXNativeTarget "BankeyUnitTests" */;
			buildPhases = (
				F5DCF1992A66E73400F1ABE7 /* Sources */,
				F5DCF19A2A66E73400F1ABE7 /* Frameworks */,
				F5DCF19B2A66E73400F1ABE7 /* Resources */,
			);
			buildRules = (
			);
			dependencies = (
				F5DCF1A22A66E73400F1ABE7 /* PBXTargetDependency */,
			);
			name = BankeyUnitTests;
			productName = BankeyUnitTests;
			productReference = F5DCF19D2A66E73400F1ABE7 /* BankeyUnitTests.xctest */;
			productType = "com.apple.product-type.bundle.unit-test";
		};
/* End PBXNativeTarget section */

/* Begin PBXProject section */
		F51DC71C2A09205C0093ECBD /* Project object */ = {
			isa = PBXProject;
			attributes = {
				BuildIndependentTargetsInParallel = 1;
				LastSwiftUpdateCheck = 1430;
				LastUpgradeCheck = 1430;
				TargetAttributes = {
					F51DC7232A09205D0093ECBD = {
						CreatedOnToolsVersion = 14.3;
					};
					F5DCF19C2A66E73400F1ABE7 = {
						CreatedOnToolsVersion = 14.3.1;
						LastSwiftMigration = 1430;
						TestTargetID = F51DC7232A09205D0093ECBD;
					};
				};
			};
			buildConfigurationList = F51DC71F2A09205D0093ECBD /* Build configuration list for PBXProject "Bankey" */;
			compatibilityVersion = "Xcode 14.0";
			developmentRegion = en;
			hasScannedForEncodings = 0;
			knownRegions = (
				en,
				Base,
			);
			mainGroup = F51DC71B2A09205C0093ECBD;
			productRefGroup = F51DC7252A09205D0093ECBD /* Products */;
			projectDirPath = "";
			projectRoot = "";
			targets = (
				F51DC7232A09205D0093ECBD /* Bankey */,
				F5DCF19C2A66E73400F1ABE7 /* BankeyUnitTests */,
			);
		};
/* End PBXProject section */

/* Begin PBXResourcesBuildPhase section */
		F51DC7222A09205D0093ECBD /* Resources */ = {
			isa = PBXResourcesBuildPhase;
			buildActionMask = 2147483647;
			files = (
				F5E241002A5575F10011134C /* AccountSummaryHeaderView.xib in Resources */,
				F51DC7342A09205E0093ECBD /* LaunchScreen.storyboard in Resources */,
				F51DC7312A09205E0093ECBD /* Assets.xcassets in Resources */,
			);
			runOnlyForDeploymentPostprocessing = 0;
		};
		F5DCF19B2A66E73400F1ABE7 /* Resources */ = {
			isa = PBXResourcesBuildPhase;
			buildActionMask = 2147483647;
			files = (
			);
			runOnlyForDeploymentPostprocessing = 0;
		};
/* End PBXResourcesBuildPhase section */

/* Begin PBXSourcesBuildPhase section */
		F51DC7202A09205D0093ECBD /* Sources */ = {
			isa = PBXSourcesBuildPhase;
			buildActionMask = 2147483647;
			files = (
				F54F930A2A1784BA00F575FA /* LoginView.swift in Sources */,
				F5E240ED2A5207A40011134C /* LocalState.swift in Sources */,
				F5E240EF2A536D050011134C /* UIViewController+Utils.swift in Sources */,
				F5E240FE2A5575AC0011134C /* AccountSummaryHeaderView.swift in Sources */,
				F5E240EA2A52021B0011134C /* DummyVC.swift in Sources */,
				F5E241082A5EFE810011134C /* CurrencyFormatter.swift in Sources */,
				F5E241062A5EFE500011134C /* DecimalUtils.swift in Sources */,
				F51DC72C2A09205D0093ECBD /* LoginViewController.swift in Sources */,
				F5E241042A5598FD0011134C /* AccountSummaryCell.swift in Sources */,
				F51DC7282A09205D0093ECBD /* AppDelegate.swift in Sources */,
				F5E240F12A536FB40011134C /* MainViewController.swift in Sources */,
				F5E240FC2A5573050011134C /* AccountSummaryViewController.swift in Sources */,
				F5E240E62A4F11200011134C /* OnboardingContainerViewController.swift in Sources */,
				F5E240E82A4F1B170011134C /* OnBoardingViewController.swift in Sources */,
			);
			runOnlyForDeploymentPostprocessing = 0;
		};
		F5DCF1992A66E73400F1ABE7 /* Sources */ = {
			isa = PBXSourcesBuildPhase;
			buildActionMask = 2147483647;
			files = (
				F5DCF1A72A66E7CE00F1ABE7 /* CurrencyFormatterTest.swift in Sources */,
			);
			runOnlyForDeploymentPostprocessing = 0;
		};
/* End PBXSourcesBuildPhase section */

/* Begin PBXTargetDependency section */
		F5DCF1A22A66E73400F1ABE7 /* PBXTargetDependency */ = {
			isa = PBXTargetDependency;
			target = F51DC7232A09205D0093ECBD /* Bankey */;
			targetProxy = F5DCF1A12A66E73400F1ABE7 /* PBXContainerItemProxy */;
		};
/* End PBXTargetDependency section */

/* Begin PBXVariantGroup section */
		F51DC7322A09205E0093ECBD /* LaunchScreen.storyboard */ = {
			isa = PBXVariantGroup;
			children = (
				F51DC7332A09205E0093ECBD /* Base */,
			);
			name = LaunchScreen.storyboard;
			sourceTree = "<group>";
		};
/* End PBXVariantGroup section */

/* Begin XCBuildConfiguration section */
		F51DC7362A09205E0093ECBD /* Debug */ = {
			isa = XCBuildConfiguration;
			buildSettings = {
				ALWAYS_SEARCH_USER_PATHS = NO;
				CLANG_ANALYZER_NONNULL = YES;
				CLANG_ANALYZER_NUMBER_OBJECT_CONVERSION = YES_AGGRESSIVE;
				CLANG_CXX_LANGUAGE_STANDARD = "gnu++20";
				CLANG_ENABLE_MODULES = YES;
				CLANG_ENABLE_OBJC_ARC = YES;
				CLANG_ENABLE_OBJC_WEAK = YES;
				CLANG_WARN_BLOCK_CAPTURE_AUTORELEASING = YES;
				CLANG_WARN_BOOL_CONVERSION = YES;
				CLANG_WARN_COMMA = YES;
				CLANG_WARN_CONSTANT_CONVERSION = YES;
				CLANG_WARN_DEPRECATED_OBJC_IMPLEMENTATIONS = YES;
				CLANG_WARN_DIRECT_OBJC_ISA_USAGE = YES_ERROR;
				CLANG_WARN_DOCUMENTATION_COMMENTS = YES;
				CLANG_WARN_EMPTY_BODY = YES;
				CLANG_WARN_ENUM_CONVERSION = YES;
				CLANG_WARN_INFINITE_RECURSION = YES;
				CLANG_WARN_INT_CONVERSION = YES;
				CLANG_WARN_NON_LITERAL_NULL_CONVERSION = YES;
				CLANG_WARN_OBJC_IMPLICIT_RETAIN_SELF = YES;
				CLANG_WARN_OBJC_LITERAL_CONVERSION = YES;
				CLANG_WARN_OBJC_ROOT_CLASS = YES_ERROR;
				CLANG_WARN_QUOTED_INCLUDE_IN_FRAMEWORK_HEADER = YES;
				CLANG_WARN_RANGE_LOOP_ANALYSIS = YES;
				CLANG_WARN_STRICT_PROTOTYPES = YES;
				CLANG_WARN_SUSPICIOUS_MOVE = YES;
				CLANG_WARN_UNGUARDED_AVAILABILITY = YES_AGGRESSIVE;
				CLANG_WARN_UNREACHABLE_CODE = YES;
				CLANG_WARN__DUPLICATE_METHOD_MATCH = YES;
				COPY_PHASE_STRIP = NO;
				DEBUG_INFORMATION_FORMAT = dwarf;
				ENABLE_STRICT_OBJC_MSGSEND = YES;
				ENABLE_TESTABILITY = YES;
				GCC_C_LANGUAGE_STANDARD = gnu11;
				GCC_DYNAMIC_NO_PIC = NO;
				GCC_NO_COMMON_BLOCKS = YES;
				GCC_OPTIMIZATION_LEVEL = 0;
				GCC_PREPROCESSOR_DEFINITIONS = (
					"DEBUG=1",
					"$(inherited)",
				);
				GCC_WARN_64_TO_32_BIT_CONVERSION = YES;
				GCC_WARN_ABOUT_RETURN_TYPE = YES_ERROR;
				GCC_WARN_UNDECLARED_SELECTOR = YES;
				GCC_WARN_UNINITIALIZED_AUTOS = YES_AGGRESSIVE;
				GCC_WARN_UNUSED_FUNCTION = YES;
				GCC_WARN_UNUSED_VARIABLE = YES;
				IPHONEOS_DEPLOYMENT_TARGET = 16.4;
				MTL_ENABLE_DEBUG_INFO = INCLUDE_SOURCE;
				MTL_FAST_MATH = YES;
				ONLY_ACTIVE_ARCH = YES;
				SDKROOT = iphoneos;
				SWIFT_ACTIVE_COMPILATION_CONDITIONS = DEBUG;
				SWIFT_OPTIMIZATION_LEVEL = "-Onone";
			};
			name = Debug;
		};
		F51DC7372A09205E0093ECBD /* Release */ = {
			isa = XCBuildConfiguration;
			buildSettings = {
				ALWAYS_SEARCH_USER_PATHS = NO;
				CLANG_ANALYZER_NONNULL = YES;
				CLANG_ANALYZER_NUMBER_OBJECT_CONVERSION = YES_AGGRESSIVE;
				CLANG_CXX_LANGUAGE_STANDARD = "gnu++20";
				CLANG_ENABLE_MODULES = YES;
				CLANG_ENABLE_OBJC_ARC = YES;
				CLANG_ENABLE_OBJC_WEAK = YES;
				CLANG_WARN_BLOCK_CAPTURE_AUTORELEASING = YES;
				CLANG_WARN_BOOL_CONVERSION = YES;
				CLANG_WARN_COMMA = YES;
				CLANG_WARN_CONSTANT_CONVERSION = YES;
				CLANG_WARN_DEPRECATED_OBJC_IMPLEMENTATIONS = YES;
				CLANG_WARN_DIRECT_OBJC_ISA_USAGE = YES_ERROR;
				CLANG_WARN_DOCUMENTATION_COMMENTS = YES;
				CLANG_WARN_EMPTY_BODY = YES;
				CLANG_WARN_ENUM_CONVERSION = YES;
				CLANG_WARN_INFINITE_RECURSION = YES;
				CLANG_WARN_INT_CONVERSION = YES;
				CLANG_WARN_NON_LITERAL_NULL_CONVERSION = YES;
				CLANG_WARN_OBJC_IMPLICIT_RETAIN_SELF = YES;
				CLANG_WARN_OBJC_LITERAL_CONVERSION = YES;
				CLANG_WARN_OBJC_ROOT_CLASS = YES_ERROR;
				CLANG_WARN_QUOTED_INCLUDE_IN_FRAMEWORK_HEADER = YES;
				CLANG_WARN_RANGE_LOOP_ANALYSIS = YES;
				CLANG_WARN_STRICT_PROTOTYPES = YES;
				CLANG_WARN_SUSPICIOUS_MOVE = YES;
				CLANG_WARN_UNGUARDED_AVAILABILITY = YES_AGGRESSIVE;
				CLANG_WARN_UNREACHABLE_CODE = YES;
				CLANG_WARN__DUPLICATE_METHOD_MATCH = YES;
				COPY_PHASE_STRIP = NO;
				DEBUG_INFORMATION_FORMAT = "dwarf-with-dsym";
				ENABLE_NS_ASSERTIONS = NO;
				ENABLE_STRICT_OBJC_MSGSEND = YES;
				GCC_C_LANGUAGE_STANDARD = gnu11;
				GCC_NO_COMMON_BLOCKS = YES;
				GCC_WARN_64_TO_32_BIT_CONVERSION = YES;
				GCC_WARN_ABOUT_RETURN_TYPE = YES_ERROR;
				GCC_WARN_UNDECLARED_SELECTOR = YES;
				GCC_WARN_UNINITIALIZED_AUTOS = YES_AGGRESSIVE;
				GCC_WARN_UNUSED_FUNCTION = YES;
				GCC_WARN_UNUSED_VARIABLE = YES;
				IPHONEOS_DEPLOYMENT_TARGET = 16.4;
				MTL_ENABLE_DEBUG_INFO = NO;
				MTL_FAST_MATH = YES;
				SDKROOT = iphoneos;
				SWIFT_COMPILATION_MODE = wholemodule;
				SWIFT_OPTIMIZATION_LEVEL = "-O";
				VALIDATE_PRODUCT = YES;
			};
			name = Release;
		};
		F51DC7392A09205E0093ECBD /* Debug */ = {
			isa = XCBuildConfiguration;
			buildSettings = {
				ASSETCATALOG_COMPILER_APPICON_NAME = AppIcon;
				ASSETCATALOG_COMPILER_GLOBAL_ACCENT_COLOR_NAME = AccentColor;
				CODE_SIGN_STYLE = Automatic;
				CURRENT_PROJECT_VERSION = 1;
				DEVELOPMENT_TEAM = A34GH6Z753;
				GENERATE_INFOPLIST_FILE = YES;
				INFOPLIST_FILE = Bankey/Info.plist;
				INFOPLIST_KEY_UIApplicationSupportsIndirectInputEvents = YES;
				INFOPLIST_KEY_UILaunchStoryboardName = LaunchScreen;
				INFOPLIST_KEY_UISupportedInterfaceOrientations_iPad = "UIInterfaceOrientationPortrait UIInterfaceOrientationPortraitUpsideDown UIInterfaceOrientationLandscapeLeft UIInterfaceOrientationLandscapeRight";
				INFOPLIST_KEY_UISupportedInterfaceOrientations_iPhone = "UIInterfaceOrientationPortrait UIInterfaceOrientationLandscapeLeft UIInterfaceOrientationLandscapeRight";
				LD_RUNPATH_SEARCH_PATHS = (
					"$(inherited)",
					"@executable_path/Frameworks",
				);
				MARKETING_VERSION = 1.0;
				PRODUCT_BUNDLE_IDENTIFIER = com.kamilcaglar.Bankey;
				PRODUCT_NAME = "$(TARGET_NAME)";
				SWIFT_EMIT_LOC_STRINGS = YES;
				SWIFT_VERSION = 5.0;
				TARGETED_DEVICE_FAMILY = "1,2";
			};
			name = Debug;
		};
		F51DC73A2A09205E0093ECBD /* Release */ = {
			isa = XCBuildConfiguration;
			buildSettings = {
				ASSETCATALOG_COMPILER_APPICON_NAME = AppIcon;
				ASSETCATALOG_COMPILER_GLOBAL_ACCENT_COLOR_NAME = AccentColor;
				CODE_SIGN_STYLE = Automatic;
				CURRENT_PROJECT_VERSION = 1;
				DEVELOPMENT_TEAM = A34GH6Z753;
				GENERATE_INFOPLIST_FILE = YES;
				INFOPLIST_FILE = Bankey/Info.plist;
				INFOPLIST_KEY_UIApplicationSupportsIndirectInputEvents = YES;
				INFOPLIST_KEY_UILaunchStoryboardName = LaunchScreen;
				INFOPLIST_KEY_UISupportedInterfaceOrientations_iPad = "UIInterfaceOrientationPortrait UIInterfaceOrientationPortraitUpsideDown UIInterfaceOrientationLandscapeLeft UIInterfaceOrientationLandscapeRight";
				INFOPLIST_KEY_UISupportedInterfaceOrientations_iPhone = "UIInterfaceOrientationPortrait UIInterfaceOrientationLandscapeLeft UIInterfaceOrientationLandscapeRight";
				LD_RUNPATH_SEARCH_PATHS = (
					"$(inherited)",
					"@executable_path/Frameworks",
				);
				MARKETING_VERSION = 1.0;
				PRODUCT_BUNDLE_IDENTIFIER = com.kamilcaglar.Bankey;
				PRODUCT_NAME = "$(TARGET_NAME)";
				SWIFT_EMIT_LOC_STRINGS = YES;
				SWIFT_VERSION = 5.0;
				TARGETED_DEVICE_FAMILY = "1,2";
			};
			name = Release;
		};
		F5DCF1A32A66E73400F1ABE7 /* Debug */ = {
			isa = XCBuildConfiguration;
			buildSettings = {
				BUNDLE_LOADER = "$(TEST_HOST)";
				CLANG_ENABLE_MODULES = YES;
				CODE_SIGN_STYLE = Automatic;
				CURRENT_PROJECT_VERSION = 1;
				DEVELOPMENT_TEAM = A34GH6Z753;
				GENERATE_INFOPLIST_FILE = YES;
				MARKETING_VERSION = 1.0;
				PRODUCT_BUNDLE_IDENTIFIER = com.kamilcaglar.BankeyUnitTests;
				PRODUCT_NAME = "$(TARGET_NAME)";
				SWIFT_EMIT_LOC_STRINGS = NO;
				SWIFT_OPTIMIZATION_LEVEL = "-Onone";
				SWIFT_VERSION = 5.0;
				TARGETED_DEVICE_FAMILY = "1,2";
				TEST_HOST = "$(BUILT_PRODUCTS_DIR)/Bankey.app/$(BUNDLE_EXECUTABLE_FOLDER_PATH)/Bankey";
			};
			name = Debug;
		};
		F5DCF1A42A66E73400F1ABE7 /* Release */ = {
			isa = XCBuildConfiguration;
			buildSettings = {
				BUNDLE_LOADER = "$(TEST_HOST)";
				CLANG_ENABLE_MODULES = YES;
				CODE_SIGN_STYLE = Automatic;
				CURRENT_PROJECT_VERSION = 1;
				DEVELOPMENT_TEAM = A34GH6Z753;
				GENERATE_INFOPLIST_FILE = YES;
				MARKETING_VERSION = 1.0;
				PRODUCT_BUNDLE_IDENTIFIER = com.kamilcaglar.BankeyUnitTests;
				PRODUCT_NAME = "$(TARGET_NAME)";
				SWIFT_EMIT_LOC_STRINGS = NO;
				SWIFT_VERSION = 5.0;
				TARGETED_DEVICE_FAMILY = "1,2";
				TEST_HOST = "$(BUILT_PRODUCTS_DIR)/Bankey.app/$(BUNDLE_EXECUTABLE_FOLDER_PATH)/Bankey";
			};
			name = Release;
		};
/* End XCBuildConfiguration section */

/* Begin XCConfigurationList section */
		F51DC71F2A09205D0093ECBD /* Build configuration list for PBXProject "Bankey" */ = {
			isa = XCConfigurationList;
			buildConfigurations = (
				F51DC7362A09205E0093ECBD /* Debug */,
				F51DC7372A09205E0093ECBD /* Release */,
			);
			defaultConfigurationIsVisible = 0;
			defaultConfigurationName = Release;
		};
		F51DC7382A09205E0093ECBD /* Build configuration list for PBXNativeTarget "Bankey" */ = {
			isa = XCConfigurationList;
			buildConfigurations = (
				F51DC7392A09205E0093ECBD /* Debug */,
				F51DC73A2A09205E0093ECBD /* Release */,
			);
			defaultConfigurationIsVisible = 0;
			defaultConfigurationName = Release;
		};
		F5DCF1A52A66E73400F1ABE7 /* Build configuration list for PBXNativeTarget "BankeyUnitTests" */ = {
			isa = XCConfigurationList;
			buildConfigurations = (
				F5DCF1A32A66E73400F1ABE7 /* Debug */,
				F5DCF1A42A66E73400F1ABE7 /* Release */,
			);
			defaultConfigurationIsVisible = 0;
			defaultConfigurationName = Release;
		};
/* End XCConfigurationList section */
	};
	rootObject = F51DC71C2A09205C0093ECBD /* Project object */;
}
